
Microsoft Visual Studio Solution File, Format Version 12.00
# Visual Studio Version 17
VisualStudioVersion = 17.4.33122.133
MinimumVisualStudioVersion = 10.0.40219.1
Project("{9A19103F-16F7-4668-BE54-9A1E7A4F7556}") = "Battleships", "Battleships\Battleships.csproj", "{6C2CB0C8-941B-4688-82D1-B42BBFB7719A}"
EndProject
Project("{FAE04EC0-301F-11D3-BF4B-00C04F79EFBC}") = "Battleships.Tests", "Battleships.Tests\Battleships.Tests.csproj", "{EB95AE6A-A1F0-457E-B29A-98DB5029896C}"
EndProject
Global
	GlobalSection(SolutionConfigurationPlatforms) = preSolution
		Debug|Any CPU = Debug|Any CPU
		Release|Any CPU = Release|Any CPU
	EndGlobalSection
	GlobalSection(ProjectConfigurationPlatforms) = postSolution
		{6C2CB0C8-941B-4688-82D1-B42BBFB7719A}.Debug|Any CPU.ActiveCfg = Debug|Any CPU
		{6C2CB0C8-941B-4688-82D1-B42BBFB7719A}.Debug|Any CPU.Build.0 = Debug|Any CPU
		{6C2CB0C8-941B-4688-82D1-B42BBFB7719A}.Release|Any CPU.ActiveCfg = Release|Any CPU
		{6C2CB0C8-941B-4688-82D1-B42BBFB7719A}.Release|Any CPU.Build.0 = Release|Any CPU
		{EB95AE6A-A1F0-457E-B29A-98DB5029896C}.Debug|Any CPU.ActiveCfg = Debug|Any CPU
		{EB95AE6A-A1F0-457E-B29A-98DB5029896C}.Debug|Any CPU.Build.0 = Debug|Any CPU
		{EB95AE6A-A1F0-457E-B29A-98DB5029896C}.Release|Any CPU.ActiveCfg = Release|Any CPU
		{EB95AE6A-A1F0-457E-B29A-98DB5029896C}.Release|Any CPU.Build.0 = Release|Any CPU
	EndGlobalSection
	GlobalSection(SolutionProperties) = preSolution
		HideSolutionNode = FALSE
	EndGlobalSection
	GlobalSection(ExtensibilityGlobals) = postSolution
		SolutionGuid = {C090EA39-D572-4B06-8AE2-26002C51C5BA}
	EndGlobalSection
EndGlobal
